
Microsoft Visual Studio Solution File, Format Version 12.00
# Visual Studio Version 16
VisualStudioVersion = 16.0.29424.173
MinimumVisualStudioVersion = 10.0.40219.1
Project("{9A19103F-16F7-4668-BE54-9A1E7A4F7556}") = "API", "API.csproj", "{BF10C821-62AF-4971-BBA5-3EB5EB35548F}"
EndProject
Global
	GlobalSection(SolutionConfigurationPlatforms) = preSolution
		Debug|Any CPU = Debug|Any CPU
		Release|Any CPU = Release|Any CPU
	EndGlobalSection
	GlobalSection(ProjectConfigurationPlatforms) = postSolution
		{BF10C821-62AF-4971-BBA5-3EB5EB35548F}.Debug|Any CPU.ActiveCfg = Debug|Any CPU
		{BF10C821-62AF-4971-BBA5-3EB5EB35548F}.Debug|Any CPU.Build.0 = Debug|Any CPU
		{BF10C821-62AF-4971-BBA5-3EB5EB35548F}.Release|Any CPU.ActiveCfg = Release|Any CPU
		{BF10C821-62AF-4971-BBA5-3EB5EB35548F}.Release|Any CPU.Build.0 = Release|Any CPU
	EndGlobalSection
	GlobalSection(SolutionProperties) = preSolution
		HideSolutionNode = FALSE
	EndGlobalSection
	GlobalSection(ExtensibilityGlobals) = postSolution
		SolutionGuid = {8700B20E-EC30-48C6-AD61-FB7B2E28C0C8}
	EndGlobalSection
EndGlobal
